
Microsoft Visual Studio Solution File, Format Version 12.00
# Visual Studio Version 17
VisualStudioVersion = 17.1.32421.90
MinimumVisualStudioVersion = 10.0.40219.1
Project("{FAE04EC0-301F-11D3-BF4B-00C04F79EFBC}") = "RelationShips_Project", "RelationShips_Project\RelationShips_Project.csproj", "{4A0E802A-DB8E-4192-8E00-4E9068BB5838}"
EndProject
Global
	GlobalSection(SolutionConfigurationPlatforms) = preSolution
		Debug|Any CPU = Debug|Any CPU
		Release|Any CPU = Release|Any CPU
	EndGlobalSection
	GlobalSection(ProjectConfigurationPlatforms) = postSolution
		{4A0E802A-DB8E-4192-8E00-4E9068BB5838}.Debug|Any CPU.ActiveCfg = Debug|Any CPU
		{4A0E802A-DB8E-4192-8E00-4E9068BB5838}.Debug|Any CPU.Build.0 = Debug|Any CPU
		{4A0E802A-DB8E-4192-8E00-4E9068BB5838}.Release|Any CPU.ActiveCfg = Release|Any CPU
		{4A0E802A-DB8E-4192-8E00-4E9068BB5838}.Release|Any CPU.Build.0 = Release|Any CPU
	EndGlobalSection
	GlobalSection(SolutionProperties) = preSolution
		HideSolutionNode = FALSE
	EndGlobalSection
	GlobalSection(ExtensibilityGlobals) = postSolution
		SolutionGuid = {DA36679D-9BC4-4B8A-8528-15684B6F4A54}
	EndGlobalSection
EndGlobal
